github.com/agext/levenshtein v1.2.1 h1:QmvMAjj2aEICytGiWzmxoE0x2KZvE0fvmqMOfy2tjT8=
github.com/agext/levenshtein v1.2.1/go.mod h1:JEDfjyjHDjOF/1e4FlBE/PkbqA9OfWu2ki2W0IB5558=
github.com/apparentlymart/go-cidr v0.0.0-20170616213631-2bd8b58cf427 h1:2P/DTyNDU+7qJOB6E5KeIpdc3qcT9IYjyA8hZ9HGz50=
github.com/apparentlymart/go-cidr v0.0.0-20170616213631-2bd8b58cf427/go.mod h1:EBcsNrHc3zQeuaeCeCtQruQm+n9/YjEn/vI25Lg7Gwc=
github.com/apparentlymart/go-textseg v0.0.0-20170531203952-b836f5c4d331 h1:AIKxo1t7QE7MAqADwrmzMiaFC+QfHfXOk8lrmibN5Lk=
github.com/apparentlymart/go-textseg v0.0.0-20170531203952-b836f5c4d331/go.mod h1:z96Txxhf3xSFMPmb5X/1W05FF/Nj9VFpLOpjS5yuumk=
github.com/armon/go-radix v0.0.0-20170727155443-1fca145dffbc h1:/WQ8Tr5zbclKWAtvafIcAk/njNpW3gtd22TLLouv+6Q=
github.com/armon/go-radix v0.0.0-20170727155443-1fca145dffbc/go.mod h1:ufUuZ+zHj4x4TnLV4JWEpy2hxWSpsRywHrMgIH9cCH8=
github.com/aws/aws-sdk-go v1.14.21 h1:I/LGDC+RfzKUfFSXwN3pYp9RKR48IbIiLri7gQekzrs=
github.com/aws/aws-sdk-go v1.14.21/go.mod h1:ZRmQr0FajVIyZ4ZzBYKG5P3ZqPz9IHG41ZoMu1ADI3k=
github.com/bgentry/go-netrc v0.0.0-20140422174119-9fd32a8b3d3d h1:xDfNPAt8lFiC1UJrqV3uuy861HCTo708pDMbjHHdCas=
github.com/bgentry/go-netrc v0.0.0-20140422174119-9fd32a8b3d3d/go.mod h1:6QX/PXZ00z/TKoufEY6K/a0k6AhaJrQKdFe6OfVXsa4=
github.com/bgentry/speakeasy v0.1.0 h1:ByYyxL9InA1OWqxJqqp2A5pYHUrCiAL6K3J+LKSsQkY=
github.com/bgentry/speakeasy v0.1.0/go.mod h1:+zsyZBPWlz7T6j88CTgSN5bM796AkVf0kBD4zp0CCIs=
github.com/blang/semver v3.5.1+incompatible h1:cQNTCjp13qL8KC3Nbxr/y2Bqb63oX6wdnnjpJbkM4JQ=
github.com/blang/semver v3.5.1+incompatible/go.mod h1:kRBLl5iJ+tD4TcOOxsy/0fnwebNt5EWlYSAyrTnjyyk=
github.com/davecgh/go-spew v1.1.0/go.mod h1:J7Y8YcW2NihsgmVo/mv3lAwl/skON4iLHjSsI+c5H38=
github.com/fatih/color v1.7.0 h1:DkWD4oS2D8LGGgTQ6IvwJJXSL5Vp2ffcQg58nFV38Ys=
github.com/fatih/color v1.7.0/go.mod h1:Zm6kSWBoL9eyXnKyktHP6abPY2pDugNf5KwzbycvMj4=
github.com/go-ini/ini v1.37.0 h1:/FpMfveJbc7ExTTDgT5nL9Vw+aZdst/c2dOxC931U+M=
github.com/go-ini/ini v1.37.0/go.mod h1:ByCAeIL28uOIIG0E3PJtZPDL8WnHpFKFOtgjp+3Ies8=
github.com/golang/protobuf v1.1.0 h1:0iH4Ffd/meGoXqF2lSAhZHt8X+cPgkfn/cb6Cce5Vpc=
github.com/golang/protobuf v1.1.0/go.mod h1:6lQm79b+lXiMfvg/cZm0SGofjICqVBUtrP5yJMmIC1U=
github.com/hashicorp/errwrap v0.0.0-20141028054710-7554cd9344ce h1:prjrVgOk2Yg6w+PflHoszQNLTUh4kaByUcEWM/9uin4=
github.com/hashicorp/errwrap v0.0.0-20141028054710-7554cd9344ce/go.mod h1:YH+1FKiLXxHSkmPseP+kNlulaMuP3n2brvKWEqk/Jc4=
github.com/hashicorp/go-cleanhttp v0.0.0-20171218145408-d5fe4b57a186 h1:URgjUo+bs1KwatoNbwG0uCO4dHN4r1jsp4a5AGgHRjo=
github.com/hashicorp/go-cleanhttp v0.0.0-20171218145408-d5fe4b57a186/go.mod h1:JpRdi6/HCYpAwUzNwuwqhbovhLtngrth3wmdIIUrZ80=
github.com/hashicorp/go-getter v0.0.0-20180425224130-3f60ec5cfbb2 h1:agL7j8d6LC/7Kwq5qvIl6mC5jC14ANY+MlnhWjmzmSs=
github.com/hashicorp/go-getter v0.0.0-20180425224130-3f60ec5cfbb2/go.mod h1:6rdJFnhkXnzGOJbvkrdv4t9nLwKcVA+tmbQeUlkIzrU=
github.com/hashicorp/go-hclog v0.0.0-20180402200405-69ff559dc25f h1:t34t/ySFIGsPOLQ/dCcKeCoErlqhXlNLYvPn7mVogzo=
github.com/hashicorp/go-hclog v0.0.0-20180402200405-69ff559dc25f/go.mod h1:9bjs9uLqI8l75knNv3lV1kA55veR+WUPSiKIWcQHudI=
github.com/hashicorp/go-multierror v0.0.0-20171204182908-b7773ae21874 h1:em+tTnzgU7N22woTBMcSJAOW7tRHAkK597W+MD/CpK8=
github.com/hashicorp/go-multierror v0.0.0-20171204182908-b7773ae21874/go.mod h1:JMRHfdO9jKNzS/+BTlxCjKNQHg/jZAft8U7LloJvN7I=
github.com/hashicorp/go-plugin v0.0.0-20180331002553-e8d22c780116 h1:Y4V/yReWjQo/Ngyc0w6C3EKXKincp4YgvXeo8lI4LrI=
github.com/hashicorp/go-plugin v0.0.0-20180331002553-e8d22c780116/go.mod h1:JSqWYsict+jzcj0+xElxyrBQRPNoiWQuddnxArJ7XHQ=
github.com/hashicorp/go-safetemp v0.0.0-20180326211150-b1a1dbde6fdc h1:wAa9fGALVHfjYxZuXRnmuJG2CnwRpJYOTvY6YdErAh0=
github.com/hashicorp/go-safetemp v0.0.0-20180326211150-b1a1dbde6fdc/go.mod h1:oaerMy3BhqiTbVye6QuFhFtIceqFoDHxNAB65b+Rj1I=
github.com/hashicorp/go-uuid v0.0.0-20180228145832-27454136f036 h1:d8T6WIONl4rMCPcQ/eY3uSz3+e4/GaoflKjXrWMex1U=
github.com/hashicorp/go-uuid v0.0.0-20180228145832-27454136f036/go.mod h1:6SBZvOh/SIDV7/2o3Jml5SYk/TvGqwFJ/bN7x4byOro=
github.com/hashicorp/go-version v0.0.0-20180322230233-23480c066577 h1:at4+18LrM8myamuV7/vT6x2s1JNXp2k4PsSbt4I02X4=
github.com/hashicorp/go-version v0.0.0-20180322230233-23480c066577/go.mod h1:fltr4n8CU8Ke44wwGCBoEymUuxUHl09ZGVZPK5anwXA=
github.com/hashicorp/hcl v0.0.0-20180404174102-ef8a98b0bbce h1:xdsDDbiBDQTKASoGEZ+pEmF1OnWuu8AQ9I8iNbHNeno=
github.com/hashicorp/hcl v0.0.0-20180404174102-ef8a98b0bbce/go.mod h1:oZtUIOe8dh44I2q6ScRibXws4Ajl+d+nod3AaR9vL5w=
github.com/hashicorp/hcl2 v0.0.0-20180707193652-1718a963e632 h1:B7Ti01R9sASgT81L9THPyVK6UZxUDzLCkaH2UNjEhVo=
github.com/hashicorp/hcl2 v0.0.0-20180707193652-1718a963e632/go.mod h1:xp1eMAxqhQKBxz+yQUTsig9bBMRRWRWw+rK3FJmHf/A=
github.com/hashicorp/hil v0.0.0-20170627220502-fa9f258a9250 h1:fooK5IvDL/KIsi4LxF/JH68nVdrBSiGNPhS2JAQjtjo=
github.com/hashicorp/hil v0.0.0-20170627220502-fa9f258a9250/go.mod h1:KHvg/R2/dPtaePb16oW4qIyzkMxXOL38xjRN64adsts=
github.com/hashicorp/terraform v0.11.7 h1:NC3flYWAINcKyjTRIyU/Sz6kZLuSdAGEpqoyurZxLN0=
github.com/hashicorp/terraform v0.11.7/go.mod h1:uN1KUiT7Wdg61fPwsGXQwK3c8PmpIVZrt5Vcb1VrSoM=
github.com/hashicorp/yamux v0.0.0-20180604194846-3520598351bb h1:b5rjCoWHc7eqmAS4/qyk21ZsHyb6Mxv/jykxvNTkU4M=
github.com/hashicorp/yamux v0.0.0-20180604194846-3520598351bb/go.mod h1:+NfK9FKeTrX5uv1uIXGdwYDTeHna2qgaIlx54MXqjAM=
github.com/jmespath/go-jmespath v0.0.0-20160202185014-0b12d6b521d8 h1:12VvqtR6Aowv3l/EQUlocDHW2Cp4G9WJVH7uyH8QFJE=
github.com/jmespath/go-jmespath v0.0.0-20160202185014-0b12d6b521d8/go.mod h1:Nht3zPeWKUH0NzdCt2Blrr5ys8VGpn0CEB0cQHVjt7k=
github.com/mattn/go-colorable v0.0.9 h1:UVL0vNpWh04HeJXV0KLcaT7r06gOH2l4OW6ddYRUIY4=
github.com/mattn/go-colorable v0.0.9/go.mod h1:9vuHe8Xs5qXnSaW/c/ABM9alt+Vo+STaOChaDxuIBZU=
github.com/mattn/go-isatty v0.0.3 h1:ns/ykhmWi7G9O+8a448SecJU3nSMBXJfqQkl0upE1jI=
github.com/mattn/go-isatty v0.0.3/go.mod h1:M+lRXTBqGeGNdLjl/ufCoiOlB5xdOkqRJdNxMWT7Zi4=
github.com/mitchellh/cli v0.0.0-20180414170447-c48282d14eba h1:IALnmz21QHkTL3jVVCLUvY6iYxpfIObBg5dd0017AjM=
github.com/mitchellh/cli v0.0.0-20180414170447-c48282d14eba/go.mod h1:oGumspjLm2kTyiT1QMGpFqRlmxnKHfCvhZEVnx+5UeE=
github.com/mitchellh/copystructure v0.0.0-20170525013902-d23ffcb85de3 h1:dECZqiJYhKdj9QlLpiQaRDXHDXRTdiyZI3owdDGhlYY=
github.com/mitchellh/copystructure v0.0.0-20170525013902-d23ffcb85de3/go.mod h1:eOsF2yLPlBBJPvD+nhl5QMTBSOBbOph6N7j/IDUw7PY=
github.com/mitchellh/go-homedir v0.0.0-20180523094522-3864e76763d9 h1:Y94YB7jrsihrbGSqRNMwRWJ2/dCxr0hdC2oPRohkx0A=
github.com/mitchellh/go-homedir v0.0.0-20180523094522-3864e76763d9/go.mod h1:SfyaCUpYCn1Vlf4IUYiD9fPX4A5wJrkLzIz1N1q0pr0=
github.com/mitchellh/go-testing-interface v0.0.0-20171004221916-a61a99592b77 h1:7GoSOOW2jpsfkntVKaS2rAr1TJqfcxotyaUcuxoZSzg=
github.com/mitchellh/go-testing-interface v0.0.0-20171004221916-a61a99592b77/go.mod h1:kRemZodwjscx+RGhAo8eIhFbs2+BFgRtFPeD/KE+zxI=
github.com/mitchellh/go-wordwrap v0.0.0-20150314170334-ad45545899c7 h1:DpOJ2HYzCv8LZP15IdmG+YdwD2luVPHITV96TkirNBM=
github.com/mitchellh/go-wordwrap v0.0.0-20150314170334-ad45545899c7/go.mod h1:ZXFpozHsX6DPmq2I0TCekCxypsnAUbP2oI0UX1GXzOo=
github.com/mitchellh/hashstructure v0.0.0-20170609045927-2bca23e0e452 h1:hOY53G+kBFhbYFpRVxHl5eS7laP6B1+Cq+Z9Dry1iMU=
github.com/mitchellh/hashstructure v0.0.0-20170609045927-2bca23e0e452/go.mod h1:QjSHrPWS+BGUVBYkbTZWEnOh3G1DutKwClXU/ABz6AQ=
github.com/mitchellh/mapstructure v0.0.0-20180511142126-bb74f1db0675 h1:/rdJjIiKG5rRdwG5yxHmSE/7ZREjpyC0kL7GxGT/qJw=
github.com/mitchellh/mapstructure v0.0.0-20180511142126-bb74f1db0675/go.mod h1:FVVH3fgwuzCH5S8UJGiWEs2h04kUh9fWfEaFds41c1Y=
github.com/mitchellh/reflectwalk v0.0.0-20170726202117-63d60e9d0dbc h1:gqYjvctjtX4GHzgfutJxZpvZ7XhGwQLGR5BASwhpO2o=
github.com/mitchellh/reflectwalk v0.0.0-20170726202117-63d60e9d0dbc/go.mod h1:mSTlrgnPZtwu0c4WaC2kGObEpuNDbx0jmZXqmk4esnw=
github.com/oklog/run v1.0.0 h1:Ru7dDtJNOyC66gQ5dQmaCa0qIsAUFY3sFpK1Xk8igrw=
github.com/oklog/run v1.0.0/go.mod h1:dlhp/R75TPv97u0XWUtDeV/lRKWPKSdTuV0TZvrmrQA=
github.com/pmezard/go-difflib v1.0.0/go.mod h1:iKH77koFhYxTK1pcRnkKkqfTogsbg7gZNVY4sRDYZ/4=
github.com/posener/complete v1.1.1 h1:ccV59UEOTzVDnDUEFdT95ZzHVZ+5+158q8+SJb2QV5w=
github.com/posener/complete v1.1.1/go.mod h1:em0nMJCgc9GFtwrmVmEMR/ZL6WyhyjMBndrE9hABlRI=
github.com/stretchr/testify v1.2.2/go.mod h1:a8OnRcib4nhh0OaRAV+Yts87kKdq0PP7pXfy6kDkUVs=
github.com/ulikunitz/xz v0.5.4 h1:zATC2OoZ8H1TZll3FpbX+ikwmadbO699PE06cIkm9oU=
github.com/ulikunitz/xz v0.5.4/go.mod h1:2bypXElzHzzJZwzH67Y6wb67pO62Rzfn7BSiF4ABRW8=
github.com/zclconf/go-cty v0.0.0-20180707012345-3ccef1ae92b0 h1:gejVqVMiusJPslcgc84E97a6en4jsEALa3xdZYaPQG8=
github.com/zclconf/go-cty v0.0.0-20180707012345-3ccef1ae92b0/go.mod h1:LnDKxj8gN4aatfXUqmUNooaDjvmDcLPbAN3hYBIVoJE=
golang.org/x/crypto v0.0.0-20180621125126-a49355c7e3f8 h1:h7zdf0RiEvWbYBKIx4b+q41xoUVnMmvsGZnIVE5syG8=
golang.org/x/crypto v0.0.0-20180621125126-a49355c7e3f8/go.mod h1:6SG95UA2DQfeDnfUPMdvaQW0Q7yPrPDi9nlGo2tz2b4=
golang.org/x/net v0.0.0-20180709044923-6f138e0f6071 h1:A9kHlD7ePlLU+BAXORh0mo8A2FBfrHcZ230mWTAxdoE=
golang.org/x/net v0.0.0-20180709044923-6f138e0f6071/go.mod h1:mL1N/T3taQHkDXs73rZJwtUhF3w3ftmwwsq0BUmARs4=
golang.org/x/sys v0.0.0-20180709060233-1b2967e3c290/go.mod h1:STP8DvDyc/dI5b8T5hshtkjS+E42TnysNCUPdjciGhY=
golang.org/x/text v0.3.0 h1:g61tztE5qeGQ89tm6NTjjM9VPIm088od1l6aSorWRWg=
golang.org/x/text v0.3.0/go.mod h1:NqM8EUOU14njkJ3fqMW+pc6Ldnwhi/IjpwHt7yyuwOQ=
google.golang.org/genproto v0.0.0-20180706232955-8b2cc369ab52 h1:a0GmOj+OGHI4bFVd3Bpw4IYmf6BHAUqxZmnAU0JSWak=
google.golang.org/genproto v0.0.0-20180706232955-8b2cc369ab52/go.mod h1:JiN7NxoALGmiZfu7CAH4rXhgtRTLTxftemlI0sWmxmc=
google.golang.org/grpc v1.13.0 h1:bHIbVsCwmvbArgCJmLdgOdHFXlKqTOVjbibbS19cXHc=
google.golang.org/grpc v1.13.0/go.mod h1:yo6s7OP7yaDglbqo1J04qKzAhqBH6lvTonzMVmEdcZw=
